// !$*UTF8*$!
{
	archiveVersion = 1;
	classes = {
	};
	objectVersion = 56;
	objects = {

/* Begin PBXBuildFile section */
		2953309F2BE61E980013C666 /* Alamofire in Frameworks */ = {isa = PBXBuildFile; productRef = 2953309E2BE61E980013C666 /* Alamofire */; };
		295330B02BE636660013C666 /* GoogleMobileAds in Frameworks */ = {isa = PBXBuildFile; productRef = 295330AF2BE636660013C666 /* GoogleMobileAds */; };
		2969D07E2BE4B20A003A386F /* AppDelegate.swift in Sources */ = {isa = PBXBuildFile; fileRef = 2969D07D2BE4B20A003A386F /* AppDelegate.swift */; };
		2969D0802BE4B20A003A386F /* SceneDelegate.swift in Sources */ = {isa = PBXBuildFile; fileRef = 2969D07F2BE4B20A003A386F /* SceneDelegate.swift */; };
		2969D0822BE4B20A003A386F /* ViewController.swift in Sources */ = {isa = PBXBuildFile; fileRef = 2969D0812BE4B20A003A386F /* ViewController.swift */; };
		2969D0852BE4B20A003A386F /* Main.storyboard in Resources */ = {isa = PBXBuildFile; fileRef = 2969D0832BE4B20A003A386F /* Main.storyboard */; };
		2969D0872BE4B20E003A386F /* Assets.xcassets in Resources */ = {isa = PBXBuildFile; fileRef = 2969D0862BE4B20E003A386F /* Assets.xcassets */; };
		2969D08A2BE4B20E003A386F /* LaunchScreen.storyboard in Resources */ = {isa = PBXBuildFile; fileRef = 2969D0882BE4B20E003A386F /* LaunchScreen.storyboard */; };
/* End PBXBuildFile section */

/* Begin PBXFileReference section */
		2969D07A2BE4B20A003A386F /* TestApp123.app */ = {isa = PBXFileReference; explicitFileType = wrapper.application; includeInIndex = 0; path = TestApp123.app; sourceTree = BUILT_PRODUCTS_DIR; };
		2969D07D2BE4B20A003A386F /* AppDelegate.swift */ = {isa = PBXFileReference; lastKnownFileType = sourcecode.swift; path = AppDelegate.swift; sourceTree = "<group>"; };
		2969D07F2BE4B20A003A386F /* SceneDelegate.swift */ = {isa = PBXFileReference; lastKnownFileType = sourcecode.swift; path = SceneDelegate.swift; sourceTree = "<group>"; };
		2969D0812BE4B20A003A386F /* ViewController.swift */ = {isa = PBXFileReference; lastKnownFileType = sourcecode.swift; path = ViewController.swift; sourceTree = "<group>"; };
		2969D0842BE4B20A003A386F /* Base */ = {isa = PBXFileReference; lastKnownFileType = file.storyboard; name = Base; path = Base.lproj/Main.storyboard; sourceTree = "<group>"; };
		2969D0862BE4B20E003A386F /* Assets.xcassets */ = {isa = PBXFileReference; lastKnownFileType = folder.assetcatalog; path = Assets.xcassets; sourceTree = "<group>"; };
		2969D0892BE4B20E003A386F /* Base */ = {isa = PBXFileReference; lastKnownFileType = file.storyboard; name = Base; path = Base.lproj/LaunchScreen.storyboard; sourceTree = "<group>"; };
		2969D08B2BE4B20E003A386F /* Info.plist */ = {isa = PBXFileReference; lastKnownFileType = text.plist.xml; path = Info.plist; sourceTree = "<group>"; };
/* End PBXFileReference section */

/* Begin PBXFrameworksBuildPhase section */
		2969D0772BE4B20A003A386F /* Frameworks */ = {
			isa = PBXFrameworksBuildPhase;
			buildActionMask = 2147483647;
			files = (
				295330B02BE636660013C666 /* GoogleMobileAds in Frameworks */,
				2953309F2BE61E980013C666 /* Alamofire in Frameworks */,
			);
			runOnlyForDeploymentPostprocessing = 0;
		};
/* End PBXFrameworksBuildPhase section */

/* Begin PBXGroup section */
		295330AC2BE634D80013C666 /* Frameworks */ = {
			isa = PBXGroup;
			children = (
			);
			name = Frameworks;
			sourceTree = "<group>";
		};
		2969D0712BE4B20A003A386F = {
			isa = PBXGroup;
			children = (
				2969D07C2BE4B20A003A386F /* TestApp123 */,
				2969D07B2BE4B20A003A386F /* Products */,
				295330AC2BE634D80013C666 /* Frameworks */,
			);
			sourceTree = "<group>";
		};
		2969D07B2BE4B20A003A386F /* Products */ = {
			isa = PBXGroup;
			children = (
				2969D07A2BE4B20A003A386F /* TestApp123.app */,
			);
			name = Products;
			sourceTree = "<group>";
		};
		2969D07C2BE4B20A003A386F /* TestApp123 */ = {
			isa = PBXGroup;
			children = (
				2969D07D2BE4B20A003A386F /* AppDelegate.swift */,
				2969D07F2BE4B20A003A386F /* SceneDelegate.swift */,
				2969D0812BE4B20A003A386F /* ViewController.swift */,
				2969D0832BE4B20A003A386F /* Main.storyboard */,
				2969D0862BE4B20E003A386F /* Assets.xcassets */,
				2969D0882BE4B20E003A386F /* LaunchScreen.storyboard */,
				2969D08B2BE4B20E003A386F /* Info.plist */,
			);
			path = TestApp123;
			sourceTree = "<group>";
		};
/* End PBXGroup section */

/* Begin PBXNativeTarget section */
		2969D0792BE4B20A003A386F /* TestApp123 */ = {
			isa = PBXNativeTarget;
			buildConfigurationList = 2969D08E2BE4B20E003A386F /* Build configuration list for PBXNativeTarget "TestApp123" */;
			buildPhases = (
				2969D0762BE4B20A003A386F /* Sources */,
				2969D0772BE4B20A003A386F /* Frameworks */,
				2969D0782BE4B20A003A386F /* Resources */,
			);
			buildRules = (
			);
			dependencies = (
			);
			name = TestApp123;
			packageProductDependencies = (
				2953309E2BE61E980013C666 /* Alamofire */,
				295330AF2BE636660013C666 /* GoogleMobileAds */,
			);
			productName = TestApp123;
			productReference = 2969D07A2BE4B20A003A386F /* TestApp123.app */;
			productType = "com.apple.product-type.application";
		};
/* End PBXNativeTarget section */

/* Begin PBXProject section */
		2969D0722BE4B20A003A386F /* Project object */ = {
			isa = PBXProject;
			attributes = {
				BuildIndependentTargetsInParallel = 1;
				LastSwiftUpdateCheck = 1420;
				LastUpgradeCheck = 1420;
				TargetAttributes = {
					2969D0792BE4B20A003A386F = {
						CreatedOnToolsVersion = 14.2;
					};
				};
			};
			buildConfigurationList = 2969D0752BE4B20A003A386F /* Build configuration list for PBXProject "TestApp123" */;
			compatibilityVersion = "Xcode 14.0";
			developmentRegion = en;
			hasScannedForEncodings = 0;
			knownRegions = (
				en,
				Base,
			);
			mainGroup = 2969D0712BE4B20A003A386F;
			packageReferences = (
				2953309D2BE61E980013C666 /* XCRemoteSwiftPackageReference "Alamofire" */,
				295330A62BE626370013C666 /* XCRemoteSwiftPackageReference "swift-package-manager-google-mobile-ads" */,
				295330A92BE6344A0013C666 /* XCRemoteSwiftPackageReference "swift-package-manager-google-user-messaging-platform" */,
			);
			productRefGroup = 2969D07B2BE4B20A003A386F /* Products */;
			projectDirPath = "";
			projectRoot = "";
			targets = (
				2969D0792BE4B20A003A386F /* TestApp123 */,
			);
		};
/* End PBXProject section */

/* Begin PBXResourcesBuildPhase section */
		2969D0782BE4B20A003A386F /* Resources */ = {
			isa = PBXResourcesBuildPhase;
			buildActionMask = 2147483647;
			files = (
				2969D08A2BE4B20E003A386F /* LaunchScreen.storyboard in Resources */,
				2969D0872BE4B20E003A386F /* Assets.xcassets in Resources */,
				2969D0852BE4B20A003A386F /* Main.storyboard in Resources */,
			);
			runOnlyForDeploymentPostprocessing = 0;
		};
/* End PBXResourcesBuildPhase section */

/* Begin PBXSourcesBuildPhase section */
		2969D0762BE4B20A003A386F /* Sources */ = {
			isa = PBXSourcesBuildPhase;
			buildActionMask = 2147483647;
			files = (
				2969D0822BE4B20A003A386F /* ViewController.swift in Sources */,
				2969D07E2BE4B20A003A386F /* AppDelegate.swift in Sources */,
				2969D0802BE4B20A003A386F /* SceneDelegate.swift in Sources */,
			);
			runOnlyForDeploymentPostprocessing = 0;
		};
/* End PBXSourcesBuildPhase section */

/* Begin PBXVariantGroup section */
		2969D0832BE4B20A003A386F /* Main.storyboard */ = {
			isa = PBXVariantGroup;
			children = (
				2969D0842BE4B20A003A386F /* Base */,
			);
			name = Main.storyboard;
			sourceTree = "<group>";
		};
		2969D0882BE4B20E003A386F /* LaunchScreen.storyboard */ = {
			isa = PBXVariantGroup;
			children = (
				2969D0892BE4B20E003A386F /* Base */,
			);
			name = LaunchScreen.storyboard;
			sourceTree = "<group>";
		};
/* End PBXVariantGroup section */

/* Begin XCBuildConfiguration section */
		2969D08C2BE4B20E003A386F /* Debug */ = {
			isa = XCBuildConfiguration;
			buildSettings = {
				ALWAYS_SEARCH_USER_PATHS = NO;
				CLANG_ANALYZER_NONNULL = YES;
				CLANG_ANALYZER_NUMBER_OBJECT_CONVERSION = YES_AGGRESSIVE;
				CLANG_CXX_LANGUAGE_STANDARD = "gnu++20";
				CLANG_ENABLE_MODULES = YES;
				CLANG_ENABLE_OBJC_ARC = YES;
				CLANG_ENABLE_OBJC_WEAK = YES;
				CLANG_WARN_BLOCK_CAPTURE_AUTORELEASING = YES;
				CLANG_WARN_BOOL_CONVERSION = YES;
				CLANG_WARN_COMMA = YES;
				CLANG_WARN_CONSTANT_CONVERSION = YES;
				CLANG_WARN_DEPRECATED_OBJC_IMPLEMENTATIONS = YES;
				CLANG_WARN_DIRECT_OBJC_ISA_USAGE = YES_ERROR;
				CLANG_WARN_DOCUMENTATION_COMMENTS = YES;
				CLANG_WARN_EMPTY_BODY = YES;
				CLANG_WARN_ENUM_CONVERSION = YES;
				CLANG_WARN_INFINITE_RECURSION = YES;
				CLANG_WARN_INT_CONVERSION = YES;
				CLANG_WARN_NON_LITERAL_NULL_CONVERSION = YES;
				CLANG_WARN_OBJC_IMPLICIT_RETAIN_SELF = YES;
				CLANG_WARN_OBJC_LITERAL_CONVERSION = YES;
				CLANG_WARN_OBJC_ROOT_CLASS = YES_ERROR;
				CLANG_WARN_QUOTED_INCLUDE_IN_FRAMEWORK_HEADER = YES;
				CLANG_WARN_RANGE_LOOP_ANALYSIS = YES;
				CLANG_WARN_STRICT_PROTOTYPES = YES;
				CLANG_WARN_SUSPICIOUS_MOVE = YES;
				CLANG_WARN_UNGUARDED_AVAILABILITY = YES_AGGRESSIVE;
				CLANG_WARN_UNREACHABLE_CODE = YES;
				CLANG_WARN__DUPLICATE_METHOD_MATCH = YES;
				COPY_PHASE_STRIP = NO;
				DEBUG_INFORMATION_FORMAT = dwarf;
				ENABLE_STRICT_OBJC_MSGSEND = YES;
				ENABLE_TESTABILITY = YES;
				GCC_C_LANGUAGE_STANDARD = gnu11;
				GCC_DYNAMIC_NO_PIC = NO;
				GCC_NO_COMMON_BLOCKS = YES;
				GCC_OPTIMIZATION_LEVEL = 0;
				GCC_PREPROCESSOR_DEFINITIONS = (
					"DEBUG=1",
					"$(inherited)",
				);
				GCC_WARN_64_TO_32_BIT_CONVERSION = YES;
				GCC_WARN_ABOUT_RETURN_TYPE = YES_ERROR;
				GCC_WARN_UNDECLARED_SELECTOR = YES;
				GCC_WARN_UNINITIALIZED_AUTOS = YES_AGGRESSIVE;
				GCC_WARN_UNUSED_FUNCTION = YES;
				GCC_WARN_UNUSED_VARIABLE = YES;
				IPHONEOS_DEPLOYMENT_TARGET = 17.2;
				MTL_ENABLE_DEBUG_INFO = INCLUDE_SOURCE;
				MTL_FAST_MATH = YES;
				ONLY_ACTIVE_ARCH = YES;
				SDKROOT = iphoneos;
				SWIFT_ACTIVE_COMPILATION_CONDITIONS = DEBUG;
				SWIFT_OPTIMIZATION_LEVEL = "-Onone";
			};
			name = Debug;
		};
		2969D08D2BE4B20E003A386F /* Release */ = {
			isa = XCBuildConfiguration;
			buildSettings = {
				ALWAYS_SEARCH_USER_PATHS = NO;
				CLANG_ANALYZER_NONNULL = YES;
				CLANG_ANALYZER_NUMBER_OBJECT_CONVERSION = YES_AGGRESSIVE;
				CLANG_CXX_LANGUAGE_STANDARD = "gnu++20";
				CLANG_ENABLE_MODULES = YES;
				CLANG_ENABLE_OBJC_ARC = YES;
				CLANG_ENABLE_OBJC_WEAK = YES;
				CLANG_WARN_BLOCK_CAPTURE_AUTORELEASING = YES;
				CLANG_WARN_BOOL_CONVERSION = YES;
				CLANG_WARN_COMMA = YES;
				CLANG_WARN_CONSTANT_CONVERSION = YES;
				CLANG_WARN_DEPRECATED_OBJC_IMPLEMENTATIONS = YES;
				CLANG_WARN_DIRECT_OBJC_ISA_USAGE = YES_ERROR;
				CLANG_WARN_DOCUMENTATION_COMMENTS = YES;
				CLANG_WARN_EMPTY_BODY = YES;
				CLANG_WARN_ENUM_CONVERSION = YES;
				CLANG_WARN_INFINITE_RECURSION = YES;
				CLANG_WARN_INT_CONVERSION = YES;
				CLANG_WARN_NON_LITERAL_NULL_CONVERSION = YES;
				CLANG_WARN_OBJC_IMPLICIT_RETAIN_SELF = YES;
				CLANG_WARN_OBJC_LITERAL_CONVERSION = YES;
				CLANG_WARN_OBJC_ROOT_CLASS = YES_ERROR;
				CLANG_WARN_QUOTED_INCLUDE_IN_FRAMEWORK_HEADER = YES;
				CLANG_WARN_RANGE_LOOP_ANALYSIS = YES;
				CLANG_WARN_STRICT_PROTOTYPES = YES;
				CLANG_WARN_SUSPICIOUS_MOVE = YES;
				CLANG_WARN_UNGUARDED_AVAILABILITY = YES_AGGRESSIVE;
				CLANG_WARN_UNREACHABLE_CODE = YES;
				CLANG_WARN__DUPLICATE_METHOD_MATCH = YES;
				COPY_PHASE_STRIP = NO;
				DEBUG_INFORMATION_FORMAT = "dwarf-with-dsym";
				ENABLE_NS_ASSERTIONS = NO;
				ENABLE_STRICT_OBJC_MSGSEND = YES;
				GCC_C_LANGUAGE_STANDARD = gnu11;
				GCC_NO_COMMON_BLOCKS = YES;
				GCC_WARN_64_TO_32_BIT_CONVERSION = YES;
				GCC_WARN_ABOUT_RETURN_TYPE = YES_ERROR;
				GCC_WARN_UNDECLARED_SELECTOR = YES;
				GCC_WARN_UNINITIALIZED_AUTOS = YES_AGGRESSIVE;
				GCC_WARN_UNUSED_FUNCTION = YES;
				GCC_WARN_UNUSED_VARIABLE = YES;
				IPHONEOS_DEPLOYMENT_TARGET = 17.2;
				MTL_ENABLE_DEBUG_INFO = NO;
				MTL_FAST_MATH = YES;
				SDKROOT = iphoneos;
				SWIFT_COMPILATION_MODE = wholemodule;
				SWIFT_OPTIMIZATION_LEVEL = "-O";
				VALIDATE_PRODUCT = YES;
			};
			name = Release;
		};
		2969D08F2BE4B20E003A386F /* Debug */ = {
			isa = XCBuildConfiguration;
			buildSettings = {
				ASSETCATALOG_COMPILER_APPICON_NAME = AppIcon;
				ASSETCATALOG_COMPILER_GLOBAL_ACCENT_COLOR_NAME = AccentColor;
				CODE_SIGN_STYLE = Automatic;
				CURRENT_PROJECT_VERSION = 1;
				DEVELOPMENT_TEAM = D4QFPHUUD5;
				GENERATE_INFOPLIST_FILE = YES;
				INFOPLIST_FILE = TestApp123/Info.plist;
				INFOPLIST_KEY_UIApplicationSupportsIndirectInputEvents = YES;
				INFOPLIST_KEY_UILaunchStoryboardName = LaunchScreen;
				INFOPLIST_KEY_UIMainStoryboardFile = Main;
				INFOPLIST_KEY_UISupportedInterfaceOrientations_iPad = "UIInterfaceOrientationPortrait UIInterfaceOrientationPortraitUpsideDown UIInterfaceOrientationLandscapeLeft UIInterfaceOrientationLandscapeRight";
				INFOPLIST_KEY_UISupportedInterfaceOrientations_iPhone = "UIInterfaceOrientationPortrait UIInterfaceOrientationLandscapeLeft UIInterfaceOrientationLandscapeRight";
				IPHONEOS_DEPLOYMENT_TARGET = 16.2;
				LD_RUNPATH_SEARCH_PATHS = (
					"$(inherited)",
					"@executable_path/Frameworks",
				);
				MARKETING_VERSION = 1.0;
				PRODUCT_BUNDLE_IDENTIFIER = com.ASolo.TestApp123;
				PRODUCT_NAME = "$(TARGET_NAME)";
				SWIFT_EMIT_LOC_STRINGS = YES;
				SWIFT_VERSION = 5.0;
				TARGETED_DEVICE_FAMILY = "1,2";
			};
			name = Debug;
		};
		2969D0902BE4B20E003A386F /* Release */ = {
			isa = XCBuildConfiguration;
			buildSettings = {
				ASSETCATALOG_COMPILER_APPICON_NAME = AppIcon;
				ASSETCATALOG_COMPILER_GLOBAL_ACCENT_COLOR_NAME = AccentColor;
				CODE_SIGN_STYLE = Automatic;
				CURRENT_PROJECT_VERSION = 1;
				DEVELOPMENT_TEAM = D4QFPHUUD5;
				GENERATE_INFOPLIST_FILE = YES;
				INFOPLIST_FILE = TestApp123/Info.plist;
				INFOPLIST_KEY_UIApplicationSupportsIndirectInputEvents = YES;
				INFOPLIST_KEY_UILaunchStoryboardName = LaunchScreen;
				INFOPLIST_KEY_UIMainStoryboardFile = Main;
				INFOPLIST_KEY_UISupportedInterfaceOrientations_iPad = "UIInterfaceOrientationPortrait UIInterfaceOrientationPortraitUpsideDown UIInterfaceOrientationLandscapeLeft UIInterfaceOrientationLandscapeRight";
				INFOPLIST_KEY_UISupportedInterfaceOrientations_iPhone = "UIInterfaceOrientationPortrait UIInterfaceOrientationLandscapeLeft UIInterfaceOrientationLandscapeRight";
				IPHONEOS_DEPLOYMENT_TARGET = 16.2;
				LD_RUNPATH_SEARCH_PATHS = (
					"$(inherited)",
					"@executable_path/Frameworks",
				);
				MARKETING_VERSION = 1.0;
				PRODUCT_BUNDLE_IDENTIFIER = com.ASolo.TestApp123;
				PRODUCT_NAME = "$(TARGET_NAME)";
				SWIFT_EMIT_LOC_STRINGS = YES;
				SWIFT_VERSION = 5.0;
				TARGETED_DEVICE_FAMILY = "1,2";
			};
			name = Release;
		};
/* End XCBuildConfiguration section */

/* Begin XCConfigurationList section */
		2969D0752BE4B20A003A386F /* Build configuration list for PBXProject "TestApp123" */ = {
			isa = XCConfigurationList;
			buildConfigurations = (
				2969D08C2BE4B20E003A386F /* Debug */,
				2969D08D2BE4B20E003A386F /* Release */,
			);
			defaultConfigurationIsVisible = 0;
			defaultConfigurationName = Release;
		};
		2969D08E2BE4B20E003A386F /* Build configuration list for PBXNativeTarget "TestApp123" */ = {
			isa = XCConfigurationList;
			buildConfigurations = (
				2969D08F2BE4B20E003A386F /* Debug */,
				2969D0902BE4B20E003A386F /* Release */,
			);
			defaultConfigurationIsVisible = 0;
			defaultConfigurationName = Release;
		};
/* End XCConfigurationList section */

/* Begin XCRemoteSwiftPackageReference section */
		2953309D2BE61E980013C666 /* XCRemoteSwiftPackageReference "Alamofire" */ = {
			isa = XCRemoteSwiftPackageReference;
			repositoryURL = "https://github.com/Alamofire/Alamofire.git";
			requirement = {
				branch = master;
				kind = branch;
			};
		};
		295330A62BE626370013C666 /* XCRemoteSwiftPackageReference "swift-package-manager-google-mobile-ads" */ = {
			isa = XCRemoteSwiftPackageReference;
			repositoryURL = "https://github.com/googleads/swift-package-manager-google-mobile-ads.git";
			requirement = {
				kind = upToNextMajorVersion;
				minimumVersion = 9.0.0;
			};
		};
		295330A92BE6344A0013C666 /* XCRemoteSwiftPackageReference "swift-package-manager-google-user-messaging-platform" */ = {
			isa = XCRemoteSwiftPackageReference;
			repositoryURL = "https://github.com/googleads/swift-package-manager-google-user-messaging-platform.git";
			requirement = {
				kind = exactVersion;
				version = 2.1.0;
			};
		};
/* End XCRemoteSwiftPackageReference section */

/* Begin XCSwiftPackageProductDependency section */
		2953309E2BE61E980013C666 /* Alamofire */ = {
			isa = XCSwiftPackageProductDependency;
			package = 2953309D2BE61E980013C666 /* XCRemoteSwiftPackageReference "Alamofire" */;
			productName = Alamofire;
		};
		295330AF2BE636660013C666 /* GoogleMobileAds */ = {
			isa = XCSwiftPackageProductDependency;
			package = 295330A62BE626370013C666 /* XCRemoteSwiftPackageReference "swift-package-manager-google-mobile-ads" */;
			productName = GoogleMobileAds;
		};
/* End XCSwiftPackageProductDependency section */
	};
	rootObject = 2969D0722BE4B20A003A386F /* Project object */;
}
